// !$*UTF8*$!
{
	archiveVersion = 1;
	classes = {
	};
	objectVersion = 56;
	objects = {

/* Begin PBXBuildFile section */
		E41F3C0E2D55CAB800F94CC7 /* TodoView.swift in Sources */ = {isa = PBXBuildFile; fileRef = E41F3C0D2D55CAB800F94CC7 /* TodoView.swift */; };
		E41F3C102D55CAF500F94CC7 /* ViewError.swift in Sources */ = {isa = PBXBuildFile; fileRef = E41F3C0F2D55CAF500F94CC7 /* ViewError.swift */; };
		E41F3C192D58E55E00F94CC7 /* ScreenEnums.swift in Sources */ = {isa = PBXBuildFile; fileRef = E41F3C182D58E55E00F94CC7 /* ScreenEnums.swift */; };
		E41F3C1B2D58E77800F94CC7 /* ErrorView.swift in Sources */ = {isa = PBXBuildFile; fileRef = E41F3C1A2D58E77800F94CC7 /* ErrorView.swift */; };
		E41F3C1F2D58EB8500F94CC7 /* NavigationState.swift in Sources */ = {isa = PBXBuildFile; fileRef = E41F3C1E2D58EB8500F94CC7 /* NavigationState.swift */; };
		E41F3C212D58F25600F94CC7 /* TodoModel.swift in Sources */ = {isa = PBXBuildFile; fileRef = E41F3C202D58F25600F94CC7 /* TodoModel.swift */; };
		E41F3C232D58F51700F94CC7 /* TodoService.swift in Sources */ = {isa = PBXBuildFile; fileRef = E41F3C222D58F51700F94CC7 /* TodoService.swift */; };
		E41F3C252D58F51E00F94CC7 /* TodoError.swift in Sources */ = {isa = PBXBuildFile; fileRef = E41F3C242D58F51E00F94CC7 /* TodoError.swift */; };
		E41F3C272D58F66900F94CC7 /* DiaryView.swift in Sources */ = {isa = PBXBuildFile; fileRef = E41F3C262D58F66900F94CC7 /* DiaryView.swift */; };
		E41F3C2A2D59241000F94CC7 /* ScreenStruct.swift in Sources */ = {isa = PBXBuildFile; fileRef = E41F3C292D59241000F94CC7 /* ScreenStruct.swift */; };
		E4700AB32D54AC9E005374B3 /* PieChart.swift in Sources */ = {isa = PBXBuildFile; fileRef = E4700AB22D54AC9E005374B3 /* PieChart.swift */; };
		E4700AB82D54D018005374B3 /* FirebaseAnalytics in Frameworks */ = {isa = PBXBuildFile; productRef = E4700AB72D54D018005374B3 /* FirebaseAnalytics */; };
		E4700AC12D54D1C1005374B3 /* GoogleService-Info.plist in Resources */ = {isa = PBXBuildFile; fileRef = E4700AC02D54D1C1005374B3 /* GoogleService-Info.plist */; };
		E4700AC72D54D2A4005374B3 /* FirebaseManager.swift in Sources */ = {isa = PBXBuildFile; fileRef = E4700AC62D54D2A4005374B3 /* FirebaseManager.swift */; };
		E4700AC92D54D372005374B3 /* UserModel.swift in Sources */ = {isa = PBXBuildFile; fileRef = E4700AC82D54D372005374B3 /* UserModel.swift */; };
		E4700ACB2D54D5AB005374B3 /* UserService.swift in Sources */ = {isa = PBXBuildFile; fileRef = E4700ACA2D54D5AB005374B3 /* UserService.swift */; };
		E4700ACD2D54DAC2005374B3 /* UserError.swift in Sources */ = {isa = PBXBuildFile; fileRef = E4700ACC2D54DAC2005374B3 /* UserError.swift */; };
		E4700AD02D54DBCD005374B3 /* UserDefaultsManager.swift in Sources */ = {isa = PBXBuildFile; fileRef = E4700ACF2D54DBCD005374B3 /* UserDefaultsManager.swift */; };
		E4700AD52D54DF16005374B3 /* FirebaseFirestore in Frameworks */ = {isa = PBXBuildFile; productRef = E4700AD42D54DF16005374B3 /* FirebaseFirestore */; };
		E4700AD72D54E4AE005374B3 /* LoginView.swift in Sources */ = {isa = PBXBuildFile; fileRef = E4700AD62D54E4AE005374B3 /* LoginView.swift */; };
		E4700AD92D54E62D005374B3 /* FirebaseAuth in Frameworks */ = {isa = PBXBuildFile; productRef = E4700AD82D54E62D005374B3 /* FirebaseAuth */; };
		E4700ADB2D54F090005374B3 /* SignUpView.swift in Sources */ = {isa = PBXBuildFile; fileRef = E4700ADA2D54F090005374B3 /* SignUpView.swift */; };
		E489EC362D520CB500D07049 /* SplashView.swift in Sources */ = {isa = PBXBuildFile; fileRef = E489EC352D520CB500D07049 /* SplashView.swift */; };
		E489EC382D52126100D07049 /* MainView.swift in Sources */ = {isa = PBXBuildFile; fileRef = E489EC372D52126100D07049 /* MainView.swift */; };
		E489EC3B2D52245B00D07049 /* Header.swift in Sources */ = {isa = PBXBuildFile; fileRef = E489EC3A2D52245A00D07049 /* Header.swift */; };
		E489EC3D2D52246300D07049 /* Footer.swift in Sources */ = {isa = PBXBuildFile; fileRef = E489EC3C2D52246300D07049 /* Footer.swift */; };
		E489EC3F2D5226B900D07049 /* Calendar.swift in Sources */ = {isa = PBXBuildFile; fileRef = E489EC3E2D5226B900D07049 /* Calendar.swift */; };
		E4E1456B2D26805A0092EFD5 /* Hello_SwiftApp.swift in Sources */ = {isa = PBXBuildFile; fileRef = E4E1456A2D26805A0092EFD5 /* Hello_SwiftApp.swift */; };
		E4E1456D2D26805A0092EFD5 /* ContentView.swift in Sources */ = {isa = PBXBuildFile; fileRef = E4E1456C2D26805A0092EFD5 /* ContentView.swift */; };
		E4E1456F2D26805B0092EFD5 /* Assets.xcassets in Resources */ = {isa = PBXBuildFile; fileRef = E4E1456E2D26805B0092EFD5 /* Assets.xcassets */; };
		E4E145732D26805B0092EFD5 /* Preview Assets.xcassets in Resources */ = {isa = PBXBuildFile; fileRef = E4E145722D26805B0092EFD5 /* Preview Assets.xcassets */; };
		E4E1457D2D26805B0092EFD5 /* Hello_SwiftTests.swift in Sources */ = {isa = PBXBuildFile; fileRef = E4E1457C2D26805B0092EFD5 /* Hello_SwiftTests.swift */; };
		E4E145872D26805B0092EFD5 /* Hello_SwiftUITests.swift in Sources */ = {isa = PBXBuildFile; fileRef = E4E145862D26805B0092EFD5 /* Hello_SwiftUITests.swift */; };
		E4E145892D26805B0092EFD5 /* Hello_SwiftUITestsLaunchTests.swift in Sources */ = {isa = PBXBuildFile; fileRef = E4E145882D26805B0092EFD5 /* Hello_SwiftUITestsLaunchTests.swift */; };
/* End PBXBuildFile section */

/* Begin PBXContainerItemProxy section */
		E4E145792D26805B0092EFD5 /* PBXContainerItemProxy */ = {
			isa = PBXContainerItemProxy;
			containerPortal = E4E1455F2D26805A0092EFD5 /* Project object */;
			proxyType = 1;
			remoteGlobalIDString = E4E145662D26805A0092EFD5;
			remoteInfo = Hello_Swift;
		};
		E4E145832D26805B0092EFD5 /* PBXContainerItemProxy */ = {
			isa = PBXContainerItemProxy;
			containerPortal = E4E1455F2D26805A0092EFD5 /* Project object */;
			proxyType = 1;
			remoteGlobalIDString = E4E145662D26805A0092EFD5;
			remoteInfo = Hello_Swift;
		};
/* End PBXContainerItemProxy section */

/* Begin PBXFileReference section */
		E41F3C0D2D55CAB800F94CC7 /* TodoView.swift */ = {isa = PBXFileReference; lastKnownFileType = sourcecode.swift; path = TodoView.swift; sourceTree = "<group>"; };
		E41F3C0F2D55CAF500F94CC7 /* ViewError.swift */ = {isa = PBXFileReference; lastKnownFileType = sourcecode.swift; path = ViewError.swift; sourceTree = "<group>"; };
		E41F3C182D58E55E00F94CC7 /* ScreenEnums.swift */ = {isa = PBXFileReference; lastKnownFileType = sourcecode.swift; path = ScreenEnums.swift; sourceTree = "<group>"; };
		E41F3C1A2D58E77800F94CC7 /* ErrorView.swift */ = {isa = PBXFileReference; lastKnownFileType = sourcecode.swift; path = ErrorView.swift; sourceTree = "<group>"; };
		E41F3C1E2D58EB8500F94CC7 /* NavigationState.swift */ = {isa = PBXFileReference; lastKnownFileType = sourcecode.swift; path = NavigationState.swift; sourceTree = "<group>"; };
		E41F3C202D58F25600F94CC7 /* TodoModel.swift */ = {isa = PBXFileReference; lastKnownFileType = sourcecode.swift; path = TodoModel.swift; sourceTree = "<group>"; };
		E41F3C222D58F51700F94CC7 /* TodoService.swift */ = {isa = PBXFileReference; lastKnownFileType = sourcecode.swift; path = TodoService.swift; sourceTree = "<group>"; };
		E41F3C242D58F51E00F94CC7 /* TodoError.swift */ = {isa = PBXFileReference; lastKnownFileType = sourcecode.swift; path = TodoError.swift; sourceTree = "<group>"; };
		E41F3C262D58F66900F94CC7 /* DiaryView.swift */ = {isa = PBXFileReference; lastKnownFileType = sourcecode.swift; path = DiaryView.swift; sourceTree = "<group>"; };
		E41F3C292D59241000F94CC7 /* ScreenStruct.swift */ = {isa = PBXFileReference; lastKnownFileType = sourcecode.swift; path = ScreenStruct.swift; sourceTree = "<group>"; };
		E4700AB22D54AC9E005374B3 /* PieChart.swift */ = {isa = PBXFileReference; lastKnownFileType = sourcecode.swift; path = PieChart.swift; sourceTree = "<group>"; };
		E4700AC02D54D1C1005374B3 /* GoogleService-Info.plist */ = {isa = PBXFileReference; fileEncoding = 4; lastKnownFileType = text.plist.xml; name = "GoogleService-Info.plist"; path = "../../../../../../Downloads/GoogleService-Info.plist"; sourceTree = "<group>"; };
		E4700AC62D54D2A4005374B3 /* FirebaseManager.swift */ = {isa = PBXFileReference; lastKnownFileType = sourcecode.swift; path = FirebaseManager.swift; sourceTree = "<group>"; };
		E4700AC82D54D372005374B3 /* UserModel.swift */ = {isa = PBXFileReference; lastKnownFileType = sourcecode.swift; path = UserModel.swift; sourceTree = "<group>"; };
		E4700ACA2D54D5AB005374B3 /* UserService.swift */ = {isa = PBXFileReference; lastKnownFileType = sourcecode.swift; path = UserService.swift; sourceTree = "<group>"; };
		E4700ACC2D54DAC2005374B3 /* UserError.swift */ = {isa = PBXFileReference; lastKnownFileType = sourcecode.swift; path = UserError.swift; sourceTree = "<group>"; };
		E4700ACF2D54DBCD005374B3 /* UserDefaultsManager.swift */ = {isa = PBXFileReference; lastKnownFileType = sourcecode.swift; path = UserDefaultsManager.swift; sourceTree = "<group>"; };
		E4700AD62D54E4AE005374B3 /* LoginView.swift */ = {isa = PBXFileReference; lastKnownFileType = sourcecode.swift; path = LoginView.swift; sourceTree = "<group>"; };
		E4700ADA2D54F090005374B3 /* SignUpView.swift */ = {isa = PBXFileReference; lastKnownFileType = sourcecode.swift; path = SignUpView.swift; sourceTree = "<group>"; };
		E489EC352D520CB500D07049 /* SplashView.swift */ = {isa = PBXFileReference; lastKnownFileType = sourcecode.swift; path = SplashView.swift; sourceTree = "<group>"; };
		E489EC372D52126100D07049 /* MainView.swift */ = {isa = PBXFileReference; lastKnownFileType = sourcecode.swift; path = MainView.swift; sourceTree = "<group>"; };
		E489EC3A2D52245A00D07049 /* Header.swift */ = {isa = PBXFileReference; lastKnownFileType = sourcecode.swift; path = Header.swift; sourceTree = "<group>"; };
		E489EC3C2D52246300D07049 /* Footer.swift */ = {isa = PBXFileReference; lastKnownFileType = sourcecode.swift; path = Footer.swift; sourceTree = "<group>"; };
		E489EC3E2D5226B900D07049 /* Calendar.swift */ = {isa = PBXFileReference; lastKnownFileType = sourcecode.swift; path = Calendar.swift; sourceTree = "<group>"; };
		E4E145672D26805A0092EFD5 /* Hello_Swift.app */ = {isa = PBXFileReference; explicitFileType = wrapper.application; includeInIndex = 0; path = Hello_Swift.app; sourceTree = BUILT_PRODUCTS_DIR; };
		E4E1456A2D26805A0092EFD5 /* Hello_SwiftApp.swift */ = {isa = PBXFileReference; lastKnownFileType = sourcecode.swift; path = Hello_SwiftApp.swift; sourceTree = "<group>"; };
		E4E1456C2D26805A0092EFD5 /* ContentView.swift */ = {isa = PBXFileReference; lastKnownFileType = sourcecode.swift; path = ContentView.swift; sourceTree = "<group>"; };
		E4E1456E2D26805B0092EFD5 /* Assets.xcassets */ = {isa = PBXFileReference; lastKnownFileType = folder.assetcatalog; path = Assets.xcassets; sourceTree = "<group>"; };
		E4E145702D26805B0092EFD5 /* Hello_Swift.entitlements */ = {isa = PBXFileReference; lastKnownFileType = text.plist.entitlements; path = Hello_Swift.entitlements; sourceTree = "<group>"; };
		E4E145722D26805B0092EFD5 /* Preview Assets.xcassets */ = {isa = PBXFileReference; lastKnownFileType = folder.assetcatalog; path = "Preview Assets.xcassets"; sourceTree = "<group>"; };
		E4E145782D26805B0092EFD5 /* Hello_SwiftTests.xctest */ = {isa = PBXFileReference; explicitFileType = wrapper.cfbundle; includeInIndex = 0; path = Hello_SwiftTests.xctest; sourceTree = BUILT_PRODUCTS_DIR; };
		E4E1457C2D26805B0092EFD5 /* Hello_SwiftTests.swift */ = {isa = PBXFileReference; lastKnownFileType = sourcecode.swift; path = Hello_SwiftTests.swift; sourceTree = "<group>"; };
		E4E145822D26805B0092EFD5 /* Hello_SwiftUITests.xctest */ = {isa = PBXFileReference; explicitFileType = wrapper.cfbundle; includeInIndex = 0; path = Hello_SwiftUITests.xctest; sourceTree = BUILT_PRODUCTS_DIR; };
		E4E145862D26805B0092EFD5 /* Hello_SwiftUITests.swift */ = {isa = PBXFileReference; lastKnownFileType = sourcecode.swift; path = Hello_SwiftUITests.swift; sourceTree = "<group>"; };
		E4E145882D26805B0092EFD5 /* Hello_SwiftUITestsLaunchTests.swift */ = {isa = PBXFileReference; lastKnownFileType = sourcecode.swift; path = Hello_SwiftUITestsLaunchTests.swift; sourceTree = "<group>"; };
/* End PBXFileReference section */

/* Begin PBXFrameworksBuildPhase section */
		E4E145642D26805A0092EFD5 /* Frameworks */ = {
			isa = PBXFrameworksBuildPhase;
			buildActionMask = 2147483647;
			files = (
				E4700AB82D54D018005374B3 /* FirebaseAnalytics in Frameworks */,
				E4700AD92D54E62D005374B3 /* FirebaseAuth in Frameworks */,
				E4700AD52D54DF16005374B3 /* FirebaseFirestore in Frameworks */,
			);
			runOnlyForDeploymentPostprocessing = 0;
		};
		E4E145752D26805B0092EFD5 /* Frameworks */ = {
			isa = PBXFrameworksBuildPhase;
			buildActionMask = 2147483647;
			files = (
			);
			runOnlyForDeploymentPostprocessing = 0;
		};
		E4E1457F2D26805B0092EFD5 /* Frameworks */ = {
			isa = PBXFrameworksBuildPhase;
			buildActionMask = 2147483647;
			files = (
			);
			runOnlyForDeploymentPostprocessing = 0;
		};
/* End PBXFrameworksBuildPhase section */

/* Begin PBXGroup section */
		E41F3C112D58E48500F94CC7 /* App */ = {
			isa = PBXGroup;
			children = (
				E41F3C122D58E49200F94CC7 /* Models */,
			);
			path = App;
			sourceTree = "<group>";
		};
		E41F3C122D58E49200F94CC7 /* Models */ = {
			isa = PBXGroup;
			children = (
				E41F3C282D5923FD00F94CC7 /* Structs */,
				E41F3C152D58E4AD00F94CC7 /* Enums */,
				E41F3C1E2D58EB8500F94CC7 /* NavigationState.swift */,
			);
			path = Models;
			sourceTree = "<group>";
		};
		E41F3C152D58E4AD00F94CC7 /* Enums */ = {
			isa = PBXGroup;
			children = (
				E41F3C182D58E55E00F94CC7 /* ScreenEnums.swift */,
			);
			path = Enums;
			sourceTree = "<group>";
		};
		E41F3C282D5923FD00F94CC7 /* Structs */ = {
			isa = PBXGroup;
			children = (
				E41F3C292D59241000F94CC7 /* ScreenStruct.swift */,
			);
			path = Structs;
			sourceTree = "<group>";
		};
		E4700AB92D54D0EF005374B3 /* Services */ = {
			isa = PBXGroup;
			children = (
				E4700ACA2D54D5AB005374B3 /* UserService.swift */,
				E41F3C222D58F51700F94CC7 /* TodoService.swift */,
			);
			path = Services;
			sourceTree = "<group>";
		};
		E4700AC22D54D1DC005374B3 /* Firebase */ = {
			isa = PBXGroup;
			children = (
				E4700AC62D54D2A4005374B3 /* FirebaseManager.swift */,
				E4700AC32D54D246005374B3 /* Models */,
				E4700AB92D54D0EF005374B3 /* Services */,
				E4700AC52D54D261005374B3 /* Utils */,
				E4700ACE2D54DBB8005374B3 /* Managers */,
			);
			path = Firebase;
			sourceTree = "<group>";
		};
		E4700AC32D54D246005374B3 /* Models */ = {
			isa = PBXGroup;
			children = (
				E4700AC82D54D372005374B3 /* UserModel.swift */,
				E41F3C202D58F25600F94CC7 /* TodoModel.swift */,
			);
			path = Models;
			sourceTree = "<group>";
		};
		E4700AC52D54D261005374B3 /* Utils */ = {
			isa = PBXGroup;
			children = (
				E4700ACC2D54DAC2005374B3 /* UserError.swift */,
				E41F3C0F2D55CAF500F94CC7 /* ViewError.swift */,
				E41F3C242D58F51E00F94CC7 /* TodoError.swift */,
			);
			path = Utils;
			sourceTree = "<group>";
		};
		E4700ACE2D54DBB8005374B3 /* Managers */ = {
			isa = PBXGroup;
			children = (
				E4700ACF2D54DBCD005374B3 /* UserDefaultsManager.swift */,
			);
			path = Managers;
			sourceTree = "<group>";
		};
		E4700AD32D54DF16005374B3 /* Frameworks */ = {
			isa = PBXGroup;
			children = (
			);
			name = Frameworks;
			sourceTree = "<group>";
		};
		E489EC392D52244E00D07049 /* Components */ = {
			isa = PBXGroup;
			children = (
				E489EC3A2D52245A00D07049 /* Header.swift */,
				E489EC3C2D52246300D07049 /* Footer.swift */,
				E489EC3E2D5226B900D07049 /* Calendar.swift */,
				E4700AB22D54AC9E005374B3 /* PieChart.swift */,
			);
			path = Components;
			sourceTree = "<group>";
		};
		E4E1455E2D26805A0092EFD5 = {
			isa = PBXGroup;
			children = (
				E4E145692D26805A0092EFD5 /* Hello_Swift */,
				E4E1457B2D26805B0092EFD5 /* Hello_SwiftTests */,
				E4E145852D26805B0092EFD5 /* Hello_SwiftUITests */,
				E4E145682D26805A0092EFD5 /* Products */,
				E4700AD32D54DF16005374B3 /* Frameworks */,
			);
			sourceTree = "<group>";
		};
		E4E145682D26805A0092EFD5 /* Products */ = {
			isa = PBXGroup;
			children = (
				E4E145672D26805A0092EFD5 /* Hello_Swift.app */,
				E4E145782D26805B0092EFD5 /* Hello_SwiftTests.xctest */,
				E4E145822D26805B0092EFD5 /* Hello_SwiftUITests.xctest */,
			);
			name = Products;
			sourceTree = "<group>";
		};
		E4E145692D26805A0092EFD5 /* Hello_Swift */ = {
			isa = PBXGroup;
			children = (
				E4700AC22D54D1DC005374B3 /* Firebase */,
				E489EC392D52244E00D07049 /* Components */,
				E4E145952D27D4200092EFD5 /* View */,
				E4E1456A2D26805A0092EFD5 /* Hello_SwiftApp.swift */,
				E4E1456C2D26805A0092EFD5 /* ContentView.swift */,
				E41F3C112D58E48500F94CC7 /* App */,
				E4E1456E2D26805B0092EFD5 /* Assets.xcassets */,
				E4E145702D26805B0092EFD5 /* Hello_Swift.entitlements */,
				E4E145712D26805B0092EFD5 /* Preview Content */,
				E4700AC02D54D1C1005374B3 /* GoogleService-Info.plist */,
			);
			path = Hello_Swift;
			sourceTree = "<group>";
		};
		E4E145712D26805B0092EFD5 /* Preview Content */ = {
			isa = PBXGroup;
			children = (
				E4E145722D26805B0092EFD5 /* Preview Assets.xcassets */,
			);
			path = "Preview Content";
			sourceTree = "<group>";
		};
		E4E1457B2D26805B0092EFD5 /* Hello_SwiftTests */ = {
			isa = PBXGroup;
			children = (
				E4E1457C2D26805B0092EFD5 /* Hello_SwiftTests.swift */,
			);
			path = Hello_SwiftTests;
			sourceTree = "<group>";
		};
		E4E145852D26805B0092EFD5 /* Hello_SwiftUITests */ = {
			isa = PBXGroup;
			children = (
				E4E145862D26805B0092EFD5 /* Hello_SwiftUITests.swift */,
				E4E145882D26805B0092EFD5 /* Hello_SwiftUITestsLaunchTests.swift */,
			);
			path = Hello_SwiftUITests;
			sourceTree = "<group>";
		};
		E4E145952D27D4200092EFD5 /* View */ = {
			isa = PBXGroup;
			children = (
				E489EC352D520CB500D07049 /* SplashView.swift */,
				E489EC372D52126100D07049 /* MainView.swift */,
				E4700AD62D54E4AE005374B3 /* LoginView.swift */,
				E4700ADA2D54F090005374B3 /* SignUpView.swift */,
				E41F3C0D2D55CAB800F94CC7 /* TodoView.swift */,
				E41F3C1A2D58E77800F94CC7 /* ErrorView.swift */,
				E41F3C262D58F66900F94CC7 /* DiaryView.swift */,
			);
			path = View;
			sourceTree = "<group>";
		};
/* End PBXGroup section */

/* Begin PBXNativeTarget section */
		E4E145662D26805A0092EFD5 /* Hello_Swift */ = {
			isa = PBXNativeTarget;
			buildConfigurationList = E4E1458C2D26805B0092EFD5 /* Build configuration list for PBXNativeTarget "Hello_Swift" */;
			buildPhases = (
				E4E145632D26805A0092EFD5 /* Sources */,
				E4E145642D26805A0092EFD5 /* Frameworks */,
				E4E145652D26805A0092EFD5 /* Resources */,
			);
			buildRules = (
			);
			dependencies = (
			);
			name = Hello_Swift;
			packageProductDependencies = (
				E4700AB72D54D018005374B3 /* FirebaseAnalytics */,
				E4700AD42D54DF16005374B3 /* FirebaseFirestore */,
				E4700AD82D54E62D005374B3 /* FirebaseAuth */,
			);
			productName = Hello_Swift;
			productReference = E4E145672D26805A0092EFD5 /* Hello_Swift.app */;
			productType = "com.apple.product-type.application";
		};
		E4E145772D26805B0092EFD5 /* Hello_SwiftTests */ = {
			isa = PBXNativeTarget;
			buildConfigurationList = E4E1458F2D26805B0092EFD5 /* Build configuration list for PBXNativeTarget "Hello_SwiftTests" */;
			buildPhases = (
				E4E145742D26805B0092EFD5 /* Sources */,
				E4E145752D26805B0092EFD5 /* Frameworks */,
				E4E145762D26805B0092EFD5 /* Resources */,
			);
			buildRules = (
			);
			dependencies = (
				E4E1457A2D26805B0092EFD5 /* PBXTargetDependency */,
			);
			name = Hello_SwiftTests;
			productName = Hello_SwiftTests;
			productReference = E4E145782D26805B0092EFD5 /* Hello_SwiftTests.xctest */;
			productType = "com.apple.product-type.bundle.unit-test";
		};
		E4E145812D26805B0092EFD5 /* Hello_SwiftUITests */ = {
			isa = PBXNativeTarget;
			buildConfigurationList = E4E145922D26805B0092EFD5 /* Build configuration list for PBXNativeTarget "Hello_SwiftUITests" */;
			buildPhases = (
				E4E1457E2D26805B0092EFD5 /* Sources */,
				E4E1457F2D26805B0092EFD5 /* Frameworks */,
				E4E145802D26805B0092EFD5 /* Resources */,
			);
			buildRules = (
			);
			dependencies = (
				E4E145842D26805B0092EFD5 /* PBXTargetDependency */,
			);
			name = Hello_SwiftUITests;
			productName = Hello_SwiftUITests;
			productReference = E4E145822D26805B0092EFD5 /* Hello_SwiftUITests.xctest */;
			productType = "com.apple.product-type.bundle.ui-testing";
		};
/* End PBXNativeTarget section */

/* Begin PBXProject section */
		E4E1455F2D26805A0092EFD5 /* Project object */ = {
			isa = PBXProject;
			attributes = {
				BuildIndependentTargetsInParallel = 1;
				LastSwiftUpdateCheck = 1540;
				LastUpgradeCheck = 1540;
				TargetAttributes = {
					E4E145662D26805A0092EFD5 = {
						CreatedOnToolsVersion = 15.4;
					};
					E4E145772D26805B0092EFD5 = {
						CreatedOnToolsVersion = 15.4;
						TestTargetID = E4E145662D26805A0092EFD5;
					};
					E4E145812D26805B0092EFD5 = {
						CreatedOnToolsVersion = 15.4;
						TestTargetID = E4E145662D26805A0092EFD5;
					};
				};
			};
			buildConfigurationList = E4E145622D26805A0092EFD5 /* Build configuration list for PBXProject "Hello_Swift" */;
			compatibilityVersion = "Xcode 14.0";
			developmentRegion = en;
			hasScannedForEncodings = 0;
			knownRegions = (
				en,
				Base,
			);
			mainGroup = E4E1455E2D26805A0092EFD5;
			packageReferences = (
				E4700AB62D54D018005374B3 /* XCRemoteSwiftPackageReference "firebase-ios-sdk" */,
			);
			productRefGroup = E4E145682D26805A0092EFD5 /* Products */;
			projectDirPath = "";
			projectRoot = "";
			targets = (
				E4E145662D26805A0092EFD5 /* Hello_Swift */,
				E4E145772D26805B0092EFD5 /* Hello_SwiftTests */,
				E4E145812D26805B0092EFD5 /* Hello_SwiftUITests */,
			);
		};
/* End PBXProject section */

/* Begin PBXResourcesBuildPhase section */
		E4E145652D26805A0092EFD5 /* Resources */ = {
			isa = PBXResourcesBuildPhase;
			buildActionMask = 2147483647;
			files = (
				E4E145732D26805B0092EFD5 /* Preview Assets.xcassets in Resources */,
				E4E1456F2D26805B0092EFD5 /* Assets.xcassets in Resources */,
				E4700AC12D54D1C1005374B3 /* GoogleService-Info.plist in Resources */,
			);
			runOnlyForDeploymentPostprocessing = 0;
		};
		E4E145762D26805B0092EFD5 /* Resources */ = {
			isa = PBXResourcesBuildPhase;
			buildActionMask = 2147483647;
			files = (
			);
			runOnlyForDeploymentPostprocessing = 0;
		};
		E4E145802D26805B0092EFD5 /* Resources */ = {
			isa = PBXResourcesBuildPhase;
			buildActionMask = 2147483647;
			files = (
			);
			runOnlyForDeploymentPostprocessing = 0;
		};
/* End PBXResourcesBuildPhase section */

/* Begin PBXSourcesBuildPhase section */
		E4E145632D26805A0092EFD5 /* Sources */ = {
			isa = PBXSourcesBuildPhase;
			buildActionMask = 2147483647;
			files = (
				E489EC3D2D52246300D07049 /* Footer.swift in Sources */,
				E4700ADB2D54F090005374B3 /* SignUpView.swift in Sources */,
				E41F3C1B2D58E77800F94CC7 /* ErrorView.swift in Sources */,
				E4700AB32D54AC9E005374B3 /* PieChart.swift in Sources */,
				E489EC3B2D52245B00D07049 /* Header.swift in Sources */,
				E41F3C2A2D59241000F94CC7 /* ScreenStruct.swift in Sources */,
				E4700AD72D54E4AE005374B3 /* LoginView.swift in Sources */,
				E4700AD02D54DBCD005374B3 /* UserDefaultsManager.swift in Sources */,
				E4700AC72D54D2A4005374B3 /* FirebaseManager.swift in Sources */,
				E4E1456D2D26805A0092EFD5 /* ContentView.swift in Sources */,
				E41F3C1F2D58EB8500F94CC7 /* NavigationState.swift in Sources */,
				E41F3C252D58F51E00F94CC7 /* TodoError.swift in Sources */,
				E489EC382D52126100D07049 /* MainView.swift in Sources */,
				E4700ACB2D54D5AB005374B3 /* UserService.swift in Sources */,
				E41F3C212D58F25600F94CC7 /* TodoModel.swift in Sources */,
				E41F3C272D58F66900F94CC7 /* DiaryView.swift in Sources */,
				E41F3C0E2D55CAB800F94CC7 /* TodoView.swift in Sources */,
				E41F3C102D55CAF500F94CC7 /* ViewError.swift in Sources */,
				E4E1456B2D26805A0092EFD5 /* Hello_SwiftApp.swift in Sources */,
				E489EC362D520CB500D07049 /* SplashView.swift in Sources */,
				E41F3C232D58F51700F94CC7 /* TodoService.swift in Sources */,
				E41F3C192D58E55E00F94CC7 /* ScreenEnums.swift in Sources */,
				E4700AC92D54D372005374B3 /* UserModel.swift in Sources */,
				E489EC3F2D5226B900D07049 /* Calendar.swift in Sources */,
				E4700ACD2D54DAC2005374B3 /* UserError.swift in Sources */,
			);
			runOnlyForDeploymentPostprocessing = 0;
		};
		E4E145742D26805B0092EFD5 /* Sources */ = {
			isa = PBXSourcesBuildPhase;
			buildActionMask = 2147483647;
			files = (
				E4E1457D2D26805B0092EFD5 /* Hello_SwiftTests.swift in Sources */,
			);
			runOnlyForDeploymentPostprocessing = 0;
		};
		E4E1457E2D26805B0092EFD5 /* Sources */ = {
			isa = PBXSourcesBuildPhase;
			buildActionMask = 2147483647;
			files = (
				E4E145872D26805B0092EFD5 /* Hello_SwiftUITests.swift in Sources */,
				E4E145892D26805B0092EFD5 /* Hello_SwiftUITestsLaunchTests.swift in Sources */,
			);
			runOnlyForDeploymentPostprocessing = 0;
		};
/* End PBXSourcesBuildPhase section */

/* Begin PBXTargetDependency section */
		E4E1457A2D26805B0092EFD5 /* PBXTargetDependency */ = {
			isa = PBXTargetDependency;
			target = E4E145662D26805A0092EFD5 /* Hello_Swift */;
			targetProxy = E4E145792D26805B0092EFD5 /* PBXContainerItemProxy */;
		};
		E4E145842D26805B0092EFD5 /* PBXTargetDependency */ = {
			isa = PBXTargetDependency;
			target = E4E145662D26805A0092EFD5 /* Hello_Swift */;
			targetProxy = E4E145832D26805B0092EFD5 /* PBXContainerItemProxy */;
		};
/* End PBXTargetDependency section */

/* Begin XCBuildConfiguration section */
		E4E1458A2D26805B0092EFD5 /* Debug */ = {
			isa = XCBuildConfiguration;
			buildSettings = {
				ALWAYS_SEARCH_USER_PATHS = NO;
				ASSETCATALOG_COMPILER_GENERATE_SWIFT_ASSET_SYMBOL_EXTENSIONS = YES;
				CLANG_ANALYZER_NONNULL = YES;
				CLANG_ANALYZER_NUMBER_OBJECT_CONVERSION = YES_AGGRESSIVE;
				CLANG_CXX_LANGUAGE_STANDARD = "gnu++20";
				CLANG_ENABLE_MODULES = YES;
				CLANG_ENABLE_OBJC_ARC = YES;
				CLANG_ENABLE_OBJC_WEAK = YES;
				CLANG_WARN_BLOCK_CAPTURE_AUTORELEASING = YES;
				CLANG_WARN_BOOL_CONVERSION = YES;
				CLANG_WARN_COMMA = YES;
				CLANG_WARN_CONSTANT_CONVERSION = YES;
				CLANG_WARN_DEPRECATED_OBJC_IMPLEMENTATIONS = YES;
				CLANG_WARN_DIRECT_OBJC_ISA_USAGE = YES_ERROR;
				CLANG_WARN_DOCUMENTATION_COMMENTS = YES;
				CLANG_WARN_EMPTY_BODY = YES;
				CLANG_WARN_ENUM_CONVERSION = YES;
				CLANG_WARN_INFINITE_RECURSION = YES;
				CLANG_WARN_INT_CONVERSION = YES;
				CLANG_WARN_NON_LITERAL_NULL_CONVERSION = YES;
				CLANG_WARN_OBJC_IMPLICIT_RETAIN_SELF = YES;
				CLANG_WARN_OBJC_LITERAL_CONVERSION = YES;
				CLANG_WARN_OBJC_ROOT_CLASS = YES_ERROR;
				CLANG_WARN_QUOTED_INCLUDE_IN_FRAMEWORK_HEADER = YES;
				CLANG_WARN_RANGE_LOOP_ANALYSIS = YES;
				CLANG_WARN_STRICT_PROTOTYPES = YES;
				CLANG_WARN_SUSPICIOUS_MOVE = YES;
				CLANG_WARN_UNGUARDED_AVAILABILITY = YES_AGGRESSIVE;
				CLANG_WARN_UNREACHABLE_CODE = YES;
				CLANG_WARN__DUPLICATE_METHOD_MATCH = YES;
				COPY_PHASE_STRIP = NO;
				DEBUG_INFORMATION_FORMAT = dwarf;
				ENABLE_STRICT_OBJC_MSGSEND = YES;
				ENABLE_TESTABILITY = YES;
				ENABLE_USER_SCRIPT_SANDBOXING = YES;
				GCC_C_LANGUAGE_STANDARD = gnu17;
				GCC_DYNAMIC_NO_PIC = NO;
				GCC_NO_COMMON_BLOCKS = YES;
				GCC_OPTIMIZATION_LEVEL = 0;
				GCC_PREPROCESSOR_DEFINITIONS = (
					"DEBUG=1",
					"$(inherited)",
				);
				GCC_WARN_64_TO_32_BIT_CONVERSION = YES;
				GCC_WARN_ABOUT_RETURN_TYPE = YES_ERROR;
				GCC_WARN_UNDECLARED_SELECTOR = YES;
				GCC_WARN_UNINITIALIZED_AUTOS = YES_AGGRESSIVE;
				GCC_WARN_UNUSED_FUNCTION = YES;
				GCC_WARN_UNUSED_VARIABLE = YES;
				LOCALIZATION_PREFERS_STRING_CATALOGS = YES;
				MTL_ENABLE_DEBUG_INFO = INCLUDE_SOURCE;
				MTL_FAST_MATH = YES;
				ONLY_ACTIVE_ARCH = YES;
				SWIFT_ACTIVE_COMPILATION_CONDITIONS = "DEBUG $(inherited)";
				SWIFT_OPTIMIZATION_LEVEL = "-Onone";
			};
			name = Debug;
		};
		E4E1458B2D26805B0092EFD5 /* Release */ = {
			isa = XCBuildConfiguration;
			buildSettings = {
				ALWAYS_SEARCH_USER_PATHS = NO;
				ASSETCATALOG_COMPILER_GENERATE_SWIFT_ASSET_SYMBOL_EXTENSIONS = YES;
				CLANG_ANALYZER_NONNULL = YES;
				CLANG_ANALYZER_NUMBER_OBJECT_CONVERSION = YES_AGGRESSIVE;
				CLANG_CXX_LANGUAGE_STANDARD = "gnu++20";
				CLANG_ENABLE_MODULES = YES;
				CLANG_ENABLE_OBJC_ARC = YES;
				CLANG_ENABLE_OBJC_WEAK = YES;
				CLANG_WARN_BLOCK_CAPTURE_AUTORELEASING = YES;
				CLANG_WARN_BOOL_CONVERSION = YES;
				CLANG_WARN_COMMA = YES;
				CLANG_WARN_CONSTANT_CONVERSION = YES;
				CLANG_WARN_DEPRECATED_OBJC_IMPLEMENTATIONS = YES;
				CLANG_WARN_DIRECT_OBJC_ISA_USAGE = YES_ERROR;
				CLANG_WARN_DOCUMENTATION_COMMENTS = YES;
				CLANG_WARN_EMPTY_BODY = YES;
				CLANG_WARN_ENUM_CONVERSION = YES;
				CLANG_WARN_INFINITE_RECURSION = YES;
				CLANG_WARN_INT_CONVERSION = YES;
				CLANG_WARN_NON_LITERAL_NULL_CONVERSION = YES;
				CLANG_WARN_OBJC_IMPLICIT_RETAIN_SELF = YES;
				CLANG_WARN_OBJC_LITERAL_CONVERSION = YES;
				CLANG_WARN_OBJC_ROOT_CLASS = YES_ERROR;
				CLANG_WARN_QUOTED_INCLUDE_IN_FRAMEWORK_HEADER = YES;
				CLANG_WARN_RANGE_LOOP_ANALYSIS = YES;
				CLANG_WARN_STRICT_PROTOTYPES = YES;
				CLANG_WARN_SUSPICIOUS_MOVE = YES;
				CLANG_WARN_UNGUARDED_AVAILABILITY = YES_AGGRESSIVE;
				CLANG_WARN_UNREACHABLE_CODE = YES;
				CLANG_WARN__DUPLICATE_METHOD_MATCH = YES;
				COPY_PHASE_STRIP = NO;
				DEBUG_INFORMATION_FORMAT = "dwarf-with-dsym";
				ENABLE_NS_ASSERTIONS = NO;
				ENABLE_STRICT_OBJC_MSGSEND = YES;
				ENABLE_USER_SCRIPT_SANDBOXING = YES;
				GCC_C_LANGUAGE_STANDARD = gnu17;
				GCC_NO_COMMON_BLOCKS = YES;
				GCC_WARN_64_TO_32_BIT_CONVERSION = YES;
				GCC_WARN_ABOUT_RETURN_TYPE = YES_ERROR;
				GCC_WARN_UNDECLARED_SELECTOR = YES;
				GCC_WARN_UNINITIALIZED_AUTOS = YES_AGGRESSIVE;
				GCC_WARN_UNUSED_FUNCTION = YES;
				GCC_WARN_UNUSED_VARIABLE = YES;
				LOCALIZATION_PREFERS_STRING_CATALOGS = YES;
				MTL_ENABLE_DEBUG_INFO = NO;
				MTL_FAST_MATH = YES;
				SWIFT_COMPILATION_MODE = wholemodule;
			};
			name = Release;
		};
		E4E1458D2D26805B0092EFD5 /* Debug */ = {
			isa = XCBuildConfiguration;
			buildSettings = {
				ASSETCATALOG_COMPILER_APPICON_NAME = AppIcon;
				ASSETCATALOG_COMPILER_GLOBAL_ACCENT_COLOR_NAME = AccentColor;
				CODE_SIGN_ENTITLEMENTS = Hello_Swift/Hello_Swift.entitlements;
				CODE_SIGN_STYLE = Automatic;
				CURRENT_PROJECT_VERSION = 1;
				DEVELOPMENT_ASSET_PATHS = "\"Hello_Swift/Preview Content\"";
				DEVELOPMENT_TEAM = 8ZB4U624MW;
				ENABLE_PREVIEWS = YES;
				GENERATE_INFOPLIST_FILE = YES;
				"INFOPLIST_KEY_UIApplicationSceneManifest_Generation[sdk=iphoneos*]" = YES;
				"INFOPLIST_KEY_UIApplicationSceneManifest_Generation[sdk=iphonesimulator*]" = YES;
				"INFOPLIST_KEY_UIApplicationSupportsIndirectInputEvents[sdk=iphoneos*]" = YES;
				"INFOPLIST_KEY_UIApplicationSupportsIndirectInputEvents[sdk=iphonesimulator*]" = YES;
				"INFOPLIST_KEY_UILaunchScreen_Generation[sdk=iphoneos*]" = YES;
				"INFOPLIST_KEY_UILaunchScreen_Generation[sdk=iphonesimulator*]" = YES;
				"INFOPLIST_KEY_UIStatusBarStyle[sdk=iphoneos*]" = UIStatusBarStyleDefault;
				"INFOPLIST_KEY_UIStatusBarStyle[sdk=iphonesimulator*]" = UIStatusBarStyleDefault;
				INFOPLIST_KEY_UISupportedInterfaceOrientations_iPad = "UIInterfaceOrientationPortrait UIInterfaceOrientationPortraitUpsideDown UIInterfaceOrientationLandscapeLeft UIInterfaceOrientationLandscapeRight";
				INFOPLIST_KEY_UISupportedInterfaceOrientations_iPhone = "UIInterfaceOrientationPortrait UIInterfaceOrientationLandscapeLeft UIInterfaceOrientationLandscapeRight";
				IPHONEOS_DEPLOYMENT_TARGET = 17.5;
				LD_RUNPATH_SEARCH_PATHS = "@executable_path/Frameworks";
				"LD_RUNPATH_SEARCH_PATHS[sdk=macosx*]" = "@executable_path/../Frameworks";
				MACOSX_DEPLOYMENT_TARGET = 14.5;
				MARKETING_VERSION = 1.0;
				PRODUCT_BUNDLE_IDENTIFIER = "com.chaechae-04.hello-swift";
				PRODUCT_NAME = "$(TARGET_NAME)";
				SDKROOT = auto;
				SUPPORTED_PLATFORMS = "iphoneos iphonesimulator macosx";
				SUPPORTS_MACCATALYST = NO;
				SWIFT_EMIT_LOC_STRINGS = YES;
				SWIFT_VERSION = 5.0;
				TARGETED_DEVICE_FAMILY = "1,2";
			};
			name = Debug;
		};
		E4E1458E2D26805B0092EFD5 /* Release */ = {
			isa = XCBuildConfiguration;
			buildSettings = {
				ASSETCATALOG_COMPILER_APPICON_NAME = AppIcon;
				ASSETCATALOG_COMPILER_GLOBAL_ACCENT_COLOR_NAME = AccentColor;
				CODE_SIGN_ENTITLEMENTS = Hello_Swift/Hello_Swift.entitlements;
				CODE_SIGN_STYLE = Automatic;
				CURRENT_PROJECT_VERSION = 1;
				DEVELOPMENT_ASSET_PATHS = "\"Hello_Swift/Preview Content\"";
				DEVELOPMENT_TEAM = 8ZB4U624MW;
				ENABLE_PREVIEWS = YES;
				GENERATE_INFOPLIST_FILE = YES;
				"INFOPLIST_KEY_UIApplicationSceneManifest_Generation[sdk=iphoneos*]" = YES;
				"INFOPLIST_KEY_UIApplicationSceneManifest_Generation[sdk=iphonesimulator*]" = YES;
				"INFOPLIST_KEY_UIApplicationSupportsIndirectInputEvents[sdk=iphoneos*]" = YES;
				"INFOPLIST_KEY_UIApplicationSupportsIndirectInputEvents[sdk=iphonesimulator*]" = YES;
				"INFOPLIST_KEY_UILaunchScreen_Generation[sdk=iphoneos*]" = YES;
				"INFOPLIST_KEY_UILaunchScreen_Generation[sdk=iphonesimulator*]" = YES;
				"INFOPLIST_KEY_UIStatusBarStyle[sdk=iphoneos*]" = UIStatusBarStyleDefault;
				"INFOPLIST_KEY_UIStatusBarStyle[sdk=iphonesimulator*]" = UIStatusBarStyleDefault;
				INFOPLIST_KEY_UISupportedInterfaceOrientations_iPad = "UIInterfaceOrientationPortrait UIInterfaceOrientationPortraitUpsideDown UIInterfaceOrientationLandscapeLeft UIInterfaceOrientationLandscapeRight";
				INFOPLIST_KEY_UISupportedInterfaceOrientations_iPhone = "UIInterfaceOrientationPortrait UIInterfaceOrientationLandscapeLeft UIInterfaceOrientationLandscapeRight";
				IPHONEOS_DEPLOYMENT_TARGET = 17.5;
				LD_RUNPATH_SEARCH_PATHS = "@executable_path/Frameworks";
				"LD_RUNPATH_SEARCH_PATHS[sdk=macosx*]" = "@executable_path/../Frameworks";
				MACOSX_DEPLOYMENT_TARGET = 14.5;
				MARKETING_VERSION = 1.0;
				PRODUCT_BUNDLE_IDENTIFIER = "com.chaechae-04.hello-swift";
				PRODUCT_NAME = "$(TARGET_NAME)";
				SDKROOT = auto;
				SUPPORTED_PLATFORMS = "iphoneos iphonesimulator macosx";
				SUPPORTS_MACCATALYST = NO;
				SWIFT_EMIT_LOC_STRINGS = YES;
				SWIFT_VERSION = 5.0;
				TARGETED_DEVICE_FAMILY = "1,2";
			};
			name = Release;
		};
		E4E145902D26805B0092EFD5 /* Debug */ = {
			isa = XCBuildConfiguration;
			buildSettings = {
				ALWAYS_EMBED_SWIFT_STANDARD_LIBRARIES = YES;
				BUNDLE_LOADER = "$(TEST_HOST)";
				CODE_SIGN_STYLE = Automatic;
				CURRENT_PROJECT_VERSION = 1;
				GENERATE_INFOPLIST_FILE = YES;
				IPHONEOS_DEPLOYMENT_TARGET = 17.5;
				MACOSX_DEPLOYMENT_TARGET = 14.5;
				MARKETING_VERSION = 1.0;
				PRODUCT_BUNDLE_IDENTIFIER = "lee0su.Hello-SwiftTests";
				PRODUCT_NAME = "$(TARGET_NAME)";
				SDKROOT = auto;
				SUPPORTED_PLATFORMS = "iphoneos iphonesimulator macosx";
				SWIFT_EMIT_LOC_STRINGS = NO;
				SWIFT_VERSION = 5.0;
				TARGETED_DEVICE_FAMILY = "1,2";
				TEST_HOST = "$(BUILT_PRODUCTS_DIR)/Hello_Swift.app/$(BUNDLE_EXECUTABLE_FOLDER_PATH)/Hello_Swift";
			};
			name = Debug;
		};
		E4E145912D26805B0092EFD5 /* Release */ = {
			isa = XCBuildConfiguration;
			buildSettings = {
				ALWAYS_EMBED_SWIFT_STANDARD_LIBRARIES = YES;
				BUNDLE_LOADER = "$(TEST_HOST)";
				CODE_SIGN_STYLE = Automatic;
				CURRENT_PROJECT_VERSION = 1;
				GENERATE_INFOPLIST_FILE = YES;
				IPHONEOS_DEPLOYMENT_TARGET = 17.5;
				MACOSX_DEPLOYMENT_TARGET = 14.5;
				MARKETING_VERSION = 1.0;
				PRODUCT_BUNDLE_IDENTIFIER = "lee0su.Hello-SwiftTests";
				PRODUCT_NAME = "$(TARGET_NAME)";
				SDKROOT = auto;
				SUPPORTED_PLATFORMS = "iphoneos iphonesimulator macosx";
				SWIFT_EMIT_LOC_STRINGS = NO;
				SWIFT_VERSION = 5.0;
				TARGETED_DEVICE_FAMILY = "1,2";
				TEST_HOST = "$(BUILT_PRODUCTS_DIR)/Hello_Swift.app/$(BUNDLE_EXECUTABLE_FOLDER_PATH)/Hello_Swift";
			};
			name = Release;
		};
		E4E145932D26805B0092EFD5 /* Debug */ = {
			isa = XCBuildConfiguration;
			buildSettings = {
				ALWAYS_EMBED_SWIFT_STANDARD_LIBRARIES = YES;
				CODE_SIGN_STYLE = Automatic;
				CURRENT_PROJECT_VERSION = 1;
				GENERATE_INFOPLIST_FILE = YES;
				IPHONEOS_DEPLOYMENT_TARGET = 17.5;
				MACOSX_DEPLOYMENT_TARGET = 14.5;
				MARKETING_VERSION = 1.0;
				PRODUCT_BUNDLE_IDENTIFIER = "lee0su.Hello-SwiftUITests";
				PRODUCT_NAME = "$(TARGET_NAME)";
				SDKROOT = auto;
				SUPPORTED_PLATFORMS = "iphoneos iphonesimulator macosx";
				SWIFT_EMIT_LOC_STRINGS = NO;
				SWIFT_VERSION = 5.0;
				TARGETED_DEVICE_FAMILY = "1,2";
				TEST_TARGET_NAME = Hello_Swift;
			};
			name = Debug;
		};
		E4E145942D26805B0092EFD5 /* Release */ = {
			isa = XCBuildConfiguration;
			buildSettings = {
				ALWAYS_EMBED_SWIFT_STANDARD_LIBRARIES = YES;
				CODE_SIGN_STYLE = Automatic;
				CURRENT_PROJECT_VERSION = 1;
				GENERATE_INFOPLIST_FILE = YES;
				IPHONEOS_DEPLOYMENT_TARGET = 17.5;
				MACOSX_DEPLOYMENT_TARGET = 14.5;
				MARKETING_VERSION = 1.0;
				PRODUCT_BUNDLE_IDENTIFIER = "lee0su.Hello-SwiftUITests";
				PRODUCT_NAME = "$(TARGET_NAME)";
				SDKROOT = auto;
				SUPPORTED_PLATFORMS = "iphoneos iphonesimulator macosx";
				SWIFT_EMIT_LOC_STRINGS = NO;
				SWIFT_VERSION = 5.0;
				TARGETED_DEVICE_FAMILY = "1,2";
				TEST_TARGET_NAME = Hello_Swift;
			};
			name = Release;
		};
/* End XCBuildConfiguration section */

/* Begin XCConfigurationList section */
		E4E145622D26805A0092EFD5 /* Build configuration list for PBXProject "Hello_Swift" */ = {
			isa = XCConfigurationList;
			buildConfigurations = (
				E4E1458A2D26805B0092EFD5 /* Debug */,
				E4E1458B2D26805B0092EFD5 /* Release */,
			);
			defaultConfigurationIsVisible = 0;
			defaultConfigurationName = Release;
		};
		E4E1458C2D26805B0092EFD5 /* Build configuration list for PBXNativeTarget "Hello_Swift" */ = {
			isa = XCConfigurationList;
			buildConfigurations = (
				E4E1458D2D26805B0092EFD5 /* Debug */,
				E4E1458E2D26805B0092EFD5 /* Release */,
			);
			defaultConfigurationIsVisible = 0;
			defaultConfigurationName = Release;
		};
		E4E1458F2D26805B0092EFD5 /* Build configuration list for PBXNativeTarget "Hello_SwiftTests" */ = {
			isa = XCConfigurationList;
			buildConfigurations = (
				E4E145902D26805B0092EFD5 /* Debug */,
				E4E145912D26805B0092EFD5 /* Release */,
			);
			defaultConfigurationIsVisible = 0;
			defaultConfigurationName = Release;
		};
		E4E145922D26805B0092EFD5 /* Build configuration list for PBXNativeTarget "Hello_SwiftUITests" */ = {
			isa = XCConfigurationList;
			buildConfigurations = (
				E4E145932D26805B0092EFD5 /* Debug */,
				E4E145942D26805B0092EFD5 /* Release */,
			);
			defaultConfigurationIsVisible = 0;
			defaultConfigurationName = Release;
		};
/* End XCConfigurationList section */

/* Begin XCRemoteSwiftPackageReference section */
		E4700AB62D54D018005374B3 /* XCRemoteSwiftPackageReference "firebase-ios-sdk" */ = {
			isa = XCRemoteSwiftPackageReference;
			repositoryURL = "https://github.com/firebase/firebase-ios-sdk";
			requirement = {
				kind = upToNextMajorVersion;
				minimumVersion = 11.8.1;
			};
		};
/* End XCRemoteSwiftPackageReference section */

/* Begin XCSwiftPackageProductDependency section */
		E4700AB72D54D018005374B3 /* FirebaseAnalytics */ = {
			isa = XCSwiftPackageProductDependency;
			package = E4700AB62D54D018005374B3 /* XCRemoteSwiftPackageReference "firebase-ios-sdk" */;
			productName = FirebaseAnalytics;
		};
		E4700AD42D54DF16005374B3 /* FirebaseFirestore */ = {
			isa = XCSwiftPackageProductDependency;
			package = E4700AB62D54D018005374B3 /* XCRemoteSwiftPackageReference "firebase-ios-sdk" */;
			productName = FirebaseFirestore;
		};
		E4700AD82D54E62D005374B3 /* FirebaseAuth */ = {
			isa = XCSwiftPackageProductDependency;
			package = E4700AB62D54D018005374B3 /* XCRemoteSwiftPackageReference "firebase-ios-sdk" */;
			productName = FirebaseAuth;
		};
/* End XCSwiftPackageProductDependency section */
	};
	rootObject = E4E1455F2D26805A0092EFD5 /* Project object */;
}
